
Microsoft Visual Studio Solution File, Format Version 12.00
# Visual Studio Version 17
VisualStudioVersion = 17.8.34525.116
MinimumVisualStudioVersion = 10.0.40219.1
Project("{FAE04EC0-301F-11D3-BF4B-00C04F79EFBC}") = "SignageToChromecast", "SignageToChromecast\SignageToChromecast.csproj", "{3A55C958-9EA7-465D-BB32-0B7B40129455}"
EndProject
Global
	GlobalSection(SolutionConfigurationPlatforms) = preSolution
		Debug|Any CPU = Debug|Any CPU
		Release|Any CPU = Release|Any CPU
	EndGlobalSection
	GlobalSection(ProjectConfigurationPlatforms) = postSolution
		{3A55C958-9EA7-465D-BB32-0B7B40129455}.Debug|Any CPU.ActiveCfg = Debug|Any CPU
		{3A55C958-9EA7-465D-BB32-0B7B40129455}.Debug|Any CPU.Build.0 = Debug|Any CPU
		{3A55C958-9EA7-465D-BB32-0B7B40129455}.Release|Any CPU.ActiveCfg = Release|Any CPU
		{3A55C958-9EA7-465D-BB32-0B7B40129455}.Release|Any CPU.Build.0 = Release|Any CPU
	EndGlobalSection
	GlobalSection(SolutionProperties) = preSolution
		HideSolutionNode = FALSE
	EndGlobalSection
	GlobalSection(ExtensibilityGlobals) = postSolution
		SolutionGuid = {69210713-71EE-45FC-82E0-C2AB016CB29C}
	EndGlobalSection
EndGlobal
